{
  "originHash" : "b1359d1e3c7e3fc7e99909c4a143cde3bfede6912952f7c7b51dc49f3929f712",
  "pins" : [
    {
      "identity" : "ink",
      "kind" : "remoteSourceControl",
      "location" : "https://github.com/JohnSundell/Ink.git",
      "state" : {
        "revision" : "bcc9f219900a62c4210e6db726035d7f03ae757b",
        "version" : "0.6.0"
      }
    },
    {
      "identity" : "swift-argument-parser",
      "kind" : "remoteSourceControl",
      "location" : "https://github.com/apple/swift-argument-parser",
      "state" : {
        "revision" : "6a52f3251125d74daf04fcbd5e6f08a75d074382",
        "version" : "1.8.2"
      }
    },
    {
      "identity" : "yams",
      "kind" : "remoteSourceControl",
      "location" : "https://github.com/jpsim/Yams.git",
      "state" : {
        "revision" : "3d6871d5b4a5cd519adf233fbb576e0a2af71c17",
        "version" : "5.4.0"
      }
    }
  ],
  "version" : 3
}
